
Microsoft Visual Studio Solution File, Format Version 12.00
# Visual Studio Version 16
VisualStudioVersion = 16.0.31829.152
MinimumVisualStudioVersion = 10.0.40219.1
Project("{FAE04EC0-301F-11D3-BF4B-00C04F79EFBC}") = "EmpresaCliente", "EmpresaCliente.csproj", "{DD2CCFBD-3E32-4BA6-B5AD-0E7EF38B541D}"
EndProject
Global
	GlobalSection(SolutionConfigurationPlatforms) = preSolution
		Debug|Any CPU = Debug|Any CPU
		Release|Any CPU = Release|Any CPU
	EndGlobalSection
	GlobalSection(ProjectConfigurationPlatforms) = postSolution
		{DD2CCFBD-3E32-4BA6-B5AD-0E7EF38B541D}.Debug|Any CPU.ActiveCfg = Debug|Any CPU
		{DD2CCFBD-3E32-4BA6-B5AD-0E7EF38B541D}.Debug|Any CPU.Build.0 = Debug|Any CPU
		{DD2CCFBD-3E32-4BA6-B5AD-0E7EF38B541D}.Release|Any CPU.ActiveCfg = Release|Any CPU
		{DD2CCFBD-3E32-4BA6-B5AD-0E7EF38B541D}.Release|Any CPU.Build.0 = Release|Any CPU
	EndGlobalSection
	GlobalSection(SolutionProperties) = preSolution
		HideSolutionNode = FALSE
	EndGlobalSection
	GlobalSection(ExtensibilityGlobals) = postSolution
		SolutionGuid = {55D96422-0786-4C22-95B7-7285505AABB6}
	EndGlobalSection
EndGlobal
